// !$*UTF8*$!
{
	archiveVersion = 1;
	classes = {
	};
	objectVersion = 46;
	objects = {

/* Begin PBXBuildFile section */
		4B8DF4041DA47C94006CC4E8 /* AppDelegate.swift in Sources */ = {isa = PBXBuildFile; fileRef = 4B8DF4031DA47C94006CC4E8 /* AppDelegate.swift */; };
		4B8DF4061DA47C94006CC4E8 /* ViewController.swift in Sources */ = {isa = PBXBuildFile; fileRef = 4B8DF4051DA47C94006CC4E8 /* ViewController.swift */; };
		4B8DF4091DA47C94006CC4E8 /* Main.storyboard in Resources */ = {isa = PBXBuildFile; fileRef = 4B8DF4071DA47C94006CC4E8 /* Main.storyboard */; };
		4B8DF40B1DA47C94006CC4E8 /* Assets.xcassets in Resources */ = {isa = PBXBuildFile; fileRef = 4B8DF40A1DA47C94006CC4E8 /* Assets.xcassets */; };
		4B8DF40E1DA47C94006CC4E8 /* LaunchScreen.storyboard in Resources */ = {isa = PBXBuildFile; fileRef = 4B8DF40C1DA47C94006CC4E8 /* LaunchScreen.storyboard */; };
		4B8DF4161DA4EE0B006CC4E8 /* Company.swift in Sources */ = {isa = PBXBuildFile; fileRef = 4B8DF4151DA4EE0B006CC4E8 /* Company.swift */; };
		4B8DF4191DA4FB33006CC4E8 /* CompaniesDirectory.swift in Sources */ = {isa = PBXBuildFile; fileRef = 4B8DF4181DA4FB33006CC4E8 /* CompaniesDirectory.swift */; };
		4B8DF41E1DA5047E006CC4E8 /* CompaniesRetriever.swift in Sources */ = {isa = PBXBuildFile; fileRef = 4B8DF41D1DA5047E006CC4E8 /* CompaniesRetriever.swift */; };
		4B8DF4201DA50A45006CC4E8 /* AllCompaniesVC.swift in Sources */ = {isa = PBXBuildFile; fileRef = 4B8DF41F1DA50A45006CC4E8 /* AllCompaniesVC.swift */; };
		4B8DF4221DA53801006CC4E8 /* CompaniesDetailVC.swift in Sources */ = {isa = PBXBuildFile; fileRef = 4B8DF4211DA53801006CC4E8 /* CompaniesDetailVC.swift */; };
		4B8DF4241DA576D1006CC4E8 /* Default-568h@2x.png in Resources */ = {isa = PBXBuildFile; fileRef = 4B8DF4231DA576D1006CC4E8 /* Default-568h@2x.png */; };
		4BC240BE1DA638BF00C6263A /* test.json in Resources */ = {isa = PBXBuildFile; fileRef = 4BC240BD1DA638BF00C6263A /* test.json */; };
		4BC240C01DA6D4CF00C6263A /* NewCompanyVC.swift in Sources */ = {isa = PBXBuildFile; fileRef = 4BC240BF1DA6D4CF00C6263A /* NewCompanyVC.swift */; };
/* End PBXBuildFile section */

/* Begin PBXFileReference section */
		4B8DF4001DA47C94006CC4E8 /* iNternships.app */ = {isa = PBXFileReference; explicitFileType = wrapper.application; includeInIndex = 0; path = iNternships.app; sourceTree = BUILT_PRODUCTS_DIR; };
		4B8DF4031DA47C94006CC4E8 /* AppDelegate.swift */ = {isa = PBXFileReference; lastKnownFileType = sourcecode.swift; path = AppDelegate.swift; sourceTree = "<group>"; };
		4B8DF4051DA47C94006CC4E8 /* ViewController.swift */ = {isa = PBXFileReference; lastKnownFileType = sourcecode.swift; path = ViewController.swift; sourceTree = "<group>"; };
		4B8DF4081DA47C94006CC4E8 /* Base */ = {isa = PBXFileReference; lastKnownFileType = file.storyboard; name = Base; path = Base.lproj/Main.storyboard; sourceTree = "<group>"; };
		4B8DF40A1DA47C94006CC4E8 /* Assets.xcassets */ = {isa = PBXFileReference; lastKnownFileType = folder.assetcatalog; path = Assets.xcassets; sourceTree = "<group>"; };
		4B8DF40D1DA47C94006CC4E8 /* Base */ = {isa = PBXFileReference; lastKnownFileType = file.storyboard; name = Base; path = Base.lproj/LaunchScreen.storyboard; sourceTree = "<group>"; };
		4B8DF40F1DA47C94006CC4E8 /* Info.plist */ = {isa = PBXFileReference; lastKnownFileType = text.plist.xml; path = Info.plist; sourceTree = "<group>"; };
		4B8DF4151DA4EE0B006CC4E8 /* Company.swift */ = {isa = PBXFileReference; fileEncoding = 4; lastKnownFileType = sourcecode.swift; path = Company.swift; sourceTree = "<group>"; };
		4B8DF4181DA4FB33006CC4E8 /* CompaniesDirectory.swift */ = {isa = PBXFileReference; fileEncoding = 4; lastKnownFileType = sourcecode.swift; path = CompaniesDirectory.swift; sourceTree = "<group>"; };
		4B8DF41D1DA5047E006CC4E8 /* CompaniesRetriever.swift */ = {isa = PBXFileReference; fileEncoding = 4; lastKnownFileType = sourcecode.swift; path = CompaniesRetriever.swift; sourceTree = "<group>"; };
		4B8DF41F1DA50A45006CC4E8 /* AllCompaniesVC.swift */ = {isa = PBXFileReference; fileEncoding = 4; lastKnownFileType = sourcecode.swift; path = AllCompaniesVC.swift; sourceTree = "<group>"; };
		4B8DF4211DA53801006CC4E8 /* CompaniesDetailVC.swift */ = {isa = PBXFileReference; fileEncoding = 4; lastKnownFileType = sourcecode.swift; path = CompaniesDetailVC.swift; sourceTree = "<group>"; };
		4B8DF4231DA576D1006CC4E8 /* Default-568h@2x.png */ = {isa = PBXFileReference; lastKnownFileType = image.png; path = "Default-568h@2x.png"; sourceTree = "<group>"; };
		4BC240BD1DA638BF00C6263A /* test.json */ = {isa = PBXFileReference; fileEncoding = 4; lastKnownFileType = text.json; path = test.json; sourceTree = "<group>"; };
		4BC240BF1DA6D4CF00C6263A /* NewCompanyVC.swift */ = {isa = PBXFileReference; fileEncoding = 4; lastKnownFileType = sourcecode.swift; path = NewCompanyVC.swift; sourceTree = "<group>"; };
/* End PBXFileReference section */

/* Begin PBXFrameworksBuildPhase section */
		4B8DF3FD1DA47C94006CC4E8 /* Frameworks */ = {
			isa = PBXFrameworksBuildPhase;
			buildActionMask = 2147483647;
			files = (
			);
			runOnlyForDeploymentPostprocessing = 0;
		};
/* End PBXFrameworksBuildPhase section */

/* Begin PBXGroup section */
		4B8DF3F71DA47C94006CC4E8 = {
			isa = PBXGroup;
			children = (
				4B8DF4231DA576D1006CC4E8 /* Default-568h@2x.png */,
				4B8DF4021DA47C94006CC4E8 /* iNternships */,
				4B8DF4011DA47C94006CC4E8 /* Products */,
			);
			sourceTree = "<group>";
		};
		4B8DF4011DA47C94006CC4E8 /* Products */ = {
			isa = PBXGroup;
			children = (
				4B8DF4001DA47C94006CC4E8 /* iNternships.app */,
			);
			name = Products;
			sourceTree = "<group>";
		};
		4B8DF4021DA47C94006CC4E8 /* iNternships */ = {
			isa = PBXGroup;
			children = (
				4B8DF4031DA47C94006CC4E8 /* AppDelegate.swift */,
				4B8DF4171DA4FB0C006CC4E8 /* Model */,
				4B8DF41A1DA50433006CC4E8 /* Controller */,
				4B8DF4071DA47C94006CC4E8 /* Main.storyboard */,
				4B8DF40A1DA47C94006CC4E8 /* Assets.xcassets */,
				4B8DF40C1DA47C94006CC4E8 /* LaunchScreen.storyboard */,
				4B8DF40F1DA47C94006CC4E8 /* Info.plist */,
			);
			path = iNternships;
			sourceTree = "<group>";
		};
		4B8DF4171DA4FB0C006CC4E8 /* Model */ = {
			isa = PBXGroup;
			children = (
				4B8DF4151DA4EE0B006CC4E8 /* Company.swift */,
				4B8DF4181DA4FB33006CC4E8 /* CompaniesDirectory.swift */,
				4BC240BD1DA638BF00C6263A /* test.json */,
			);
			name = Model;
			sourceTree = "<group>";
		};
		4B8DF41A1DA50433006CC4E8 /* Controller */ = {
			isa = PBXGroup;
			children = (
				4B8DF4051DA47C94006CC4E8 /* ViewController.swift */,
				4B8DF41D1DA5047E006CC4E8 /* CompaniesRetriever.swift */,
				4B8DF41F1DA50A45006CC4E8 /* AllCompaniesVC.swift */,
				4B8DF4211DA53801006CC4E8 /* CompaniesDetailVC.swift */,
				4BC240BF1DA6D4CF00C6263A /* NewCompanyVC.swift */,
			);
			name = Controller;
			sourceTree = "<group>";
		};
/* End PBXGroup section */

/* Begin PBXNativeTarget section */
		4B8DF3FF1DA47C94006CC4E8 /* iNternships */ = {
			isa = PBXNativeTarget;
			buildConfigurationList = 4B8DF4121DA47C94006CC4E8 /* Build configuration list for PBXNativeTarget "iNternships" */;
			buildPhases = (
				4B8DF3FC1DA47C94006CC4E8 /* Sources */,
				4B8DF3FD1DA47C94006CC4E8 /* Frameworks */,
				4B8DF3FE1DA47C94006CC4E8 /* Resources */,
			);
			buildRules = (
			);
			dependencies = (
			);
			name = iNternships;
			productName = iNternships;
			productReference = 4B8DF4001DA47C94006CC4E8 /* iNternships.app */;
			productType = "com.apple.product-type.application";
		};
/* End PBXNativeTarget section */

/* Begin PBXProject section */
		4B8DF3F81DA47C94006CC4E8 /* Project object */ = {
			isa = PBXProject;
			attributes = {
				LastSwiftUpdateCheck = 0730;
				LastUpgradeCheck = 0730;
				ORGANIZATIONNAME = belarremCorp;
				TargetAttributes = {
					4B8DF3FF1DA47C94006CC4E8 = {
						CreatedOnToolsVersion = 7.3.1;
						DevelopmentTeam = N9362VAWBT;
					};
				};
			};
			buildConfigurationList = 4B8DF3FB1DA47C94006CC4E8 /* Build configuration list for PBXProject "iNternships" */;
			compatibilityVersion = "Xcode 3.2";
			developmentRegion = English;
			hasScannedForEncodings = 0;
			knownRegions = (
				en,
				Base,
			);
			mainGroup = 4B8DF3F71DA47C94006CC4E8;
			productRefGroup = 4B8DF4011DA47C94006CC4E8 /* Products */;
			projectDirPath = "";
			projectRoot = "";
			targets = (
				4B8DF3FF1DA47C94006CC4E8 /* iNternships */,
			);
		};
/* End PBXProject section */

/* Begin PBXResourcesBuildPhase section */
		4B8DF3FE1DA47C94006CC4E8 /* Resources */ = {
			isa = PBXResourcesBuildPhase;
			buildActionMask = 2147483647;
			files = (
				4B8DF40E1DA47C94006CC4E8 /* LaunchScreen.storyboard in Resources */,
				4B8DF4241DA576D1006CC4E8 /* Default-568h@2x.png in Resources */,
				4BC240BE1DA638BF00C6263A /* test.json in Resources */,
				4B8DF40B1DA47C94006CC4E8 /* Assets.xcassets in Resources */,
				4B8DF4091DA47C94006CC4E8 /* Main.storyboard in Resources */,
			);
			runOnlyForDeploymentPostprocessing = 0;
		};
/* End PBXResourcesBuildPhase section */

/* Begin PBXSourcesBuildPhase section */
		4B8DF3FC1DA47C94006CC4E8 /* Sources */ = {
			isa = PBXSourcesBuildPhase;
			buildActionMask = 2147483647;
			files = (
				4B8DF4061DA47C94006CC4E8 /* ViewController.swift in Sources */,
				4B8DF41E1DA5047E006CC4E8 /* CompaniesRetriever.swift in Sources */,
				4B8DF4221DA53801006CC4E8 /* CompaniesDetailVC.swift in Sources */,
				4B8DF4041DA47C94006CC4E8 /* AppDelegate.swift in Sources */,
				4B8DF4161DA4EE0B006CC4E8 /* Company.swift in Sources */,
				4B8DF4201DA50A45006CC4E8 /* AllCompaniesVC.swift in Sources */,
				4B8DF4191DA4FB33006CC4E8 /* CompaniesDirectory.swift in Sources */,
				4BC240C01DA6D4CF00C6263A /* NewCompanyVC.swift in Sources */,
			);
			runOnlyForDeploymentPostprocessing = 0;
		};
/* End PBXSourcesBuildPhase section */

/* Begin PBXVariantGroup section */
		4B8DF4071DA47C94006CC4E8 /* Main.storyboard */ = {
			isa = PBXVariantGroup;
			children = (
				4B8DF4081DA47C94006CC4E8 /* Base */,
			);
			name = Main.storyboard;
			sourceTree = "<group>";
		};
		4B8DF40C1DA47C94006CC4E8 /* LaunchScreen.storyboard */ = {
			isa = PBXVariantGroup;
			children = (
				4B8DF40D1DA47C94006CC4E8 /* Base */,
			);
			name = LaunchScreen.storyboard;
			sourceTree = "<group>";
		};
/* End PBXVariantGroup section */

/* Begin XCBuildConfiguration section */
		4B8DF4101DA47C94006CC4E8 /* Debug */ = {
			isa = XCBuildConfiguration;
			buildSettings = {
				ALWAYS_SEARCH_USER_PATHS = NO;
				CLANG_ANALYZER_NONNULL = YES;
				CLANG_CXX_LANGUAGE_STANDARD = "gnu++0x";
				CLANG_CXX_LIBRARY = "libc++";
				CLANG_ENABLE_MODULES = YES;
				CLANG_ENABLE_OBJC_ARC = YES;
				CLANG_WARN_BOOL_CONVERSION = YES;
				CLANG_WARN_CONSTANT_CONVERSION = YES;
				CLANG_WARN_DIRECT_OBJC_ISA_USAGE = YES_ERROR;
				CLANG_WARN_EMPTY_BODY = YES;
				CLANG_WARN_ENUM_CONVERSION = YES;
				CLANG_WARN_INT_CONVERSION = YES;
				CLANG_WARN_OBJC_ROOT_CLASS = YES_ERROR;
				CLANG_WARN_UNREACHABLE_CODE = YES;
				CLANG_WARN__DUPLICATE_METHOD_MATCH = YES;
				"CODE_SIGN_IDENTITY[sdk=iphoneos*]" = "iPhone Developer";
				COPY_PHASE_STRIP = NO;
				DEBUG_INFORMATION_FORMAT = dwarf;
				ENABLE_STRICT_OBJC_MSGSEND = YES;
				ENABLE_TESTABILITY = YES;
				GCC_C_LANGUAGE_STANDARD = gnu99;
				GCC_DYNAMIC_NO_PIC = NO;
				GCC_NO_COMMON_BLOCKS = YES;
				GCC_OPTIMIZATION_LEVEL = 0;
				GCC_PREPROCESSOR_DEFINITIONS = (
					"DEBUG=1",
					"$(inherited)",
				);
				GCC_WARN_64_TO_32_BIT_CONVERSION = YES;
				GCC_WARN_ABOUT_RETURN_TYPE = YES_ERROR;
				GCC_WARN_UNDECLARED_SELECTOR = YES;
				GCC_WARN_UNINITIALIZED_AUTOS = YES_AGGRESSIVE;
				GCC_WARN_UNUSED_FUNCTION = YES;
				GCC_WARN_UNUSED_VARIABLE = YES;
				IPHONEOS_DEPLOYMENT_TARGET = 9.3;
				MTL_ENABLE_DEBUG_INFO = YES;
				ONLY_ACTIVE_ARCH = YES;
				SDKROOT = iphoneos;
				SWIFT_OPTIMIZATION_LEVEL = "-Onone";
			};
			name = Debug;
		};
		4B8DF4111DA47C94006CC4E8 /* Release */ = {
			isa = XCBuildConfiguration;
			buildSettings = {
				ALWAYS_SEARCH_USER_PATHS = NO;
				CLANG_ANALYZER_NONNULL = YES;
				CLANG_CXX_LANGUAGE_STANDARD = "gnu++0x";
				CLANG_CXX_LIBRARY = "libc++";
				CLANG_ENABLE_MODULES = YES;
				CLANG_ENABLE_OBJC_ARC = YES;
				CLANG_WARN_BOOL_CONVERSION = YES;
				CLANG_WARN_CONSTANT_CONVERSION = YES;
				CLANG_WARN_DIRECT_OBJC_ISA_USAGE = YES_ERROR;
				CLANG_WARN_EMPTY_BODY = YES;
				CLANG_WARN_ENUM_CONVERSION = YES;
				CLANG_WARN_INT_CONVERSION = YES;
				CLANG_WARN_OBJC_ROOT_CLASS = YES_ERROR;
				CLANG_WARN_UNREACHABLE_CODE = YES;
				CLANG_WARN__DUPLICATE_METHOD_MATCH = YES;
				"CODE_SIGN_IDENTITY[sdk=iphoneos*]" = "iPhone Developer";
				COPY_PHASE_STRIP = NO;
				DEBUG_INFORMATION_FORMAT = "dwarf-with-dsym";
				ENABLE_NS_ASSERTIONS = NO;
				ENABLE_STRICT_OBJC_MSGSEND = YES;
				GCC_C_LANGUAGE_STANDARD = gnu99;
				GCC_NO_COMMON_BLOCKS = YES;
				GCC_WARN_64_TO_32_BIT_CONVERSION = YES;
				GCC_WARN_ABOUT_RETURN_TYPE = YES_ERROR;
				GCC_WARN_UNDECLARED_SELECTOR = YES;
				GCC_WARN_UNINITIALIZED_AUTOS = YES_AGGRESSIVE;
				GCC_WARN_UNUSED_FUNCTION = YES;
				GCC_WARN_UNUSED_VARIABLE = YES;
				IPHONEOS_DEPLOYMENT_TARGET = 9.3;
				MTL_ENABLE_DEBUG_INFO = NO;
				SDKROOT = iphoneos;
				VALIDATE_PRODUCT = YES;
			};
			name = Release;
		};
		4B8DF4131DA47C94006CC4E8 /* Debug */ = {
			isa = XCBuildConfiguration;
			buildSettings = {
				ASSETCATALOG_COMPILER_APPICON_NAME = AppIcon;
				CODE_SIGN_IDENTITY = "iPhone Developer";
				"CODE_SIGN_IDENTITY[sdk=iphoneos*]" = "iPhone Developer";
				INFOPLIST_FILE = iNternships/Info.plist;
				IPHONEOS_DEPLOYMENT_TARGET = 8.0;
				LD_RUNPATH_SEARCH_PATHS = "$(inherited) @executable_path/Frameworks";
				PRODUCT_BUNDLE_IDENTIFIER = com.belarrem.mohcine.iNternships;
				PRODUCT_NAME = "$(TARGET_NAME)";
				PROVISIONING_PROFILE = "";
			};
			name = Debug;
		};
		4B8DF4141DA47C94006CC4E8 /* Release */ = {
			isa = XCBuildConfiguration;
			buildSettings = {
				ASSETCATALOG_COMPILER_APPICON_NAME = AppIcon;
				CODE_SIGN_IDENTITY = "iPhone Developer";
				"CODE_SIGN_IDENTITY[sdk=iphoneos*]" = "iPhone Developer";
				INFOPLIST_FILE = iNternships/Info.plist;
				IPHONEOS_DEPLOYMENT_TARGET = 8.0;
				LD_RUNPATH_SEARCH_PATHS = "$(inherited) @executable_path/Frameworks";
				PRODUCT_BUNDLE_IDENTIFIER = com.belarrem.mohcine.iNternships;
				PRODUCT_NAME = "$(TARGET_NAME)";
				PROVISIONING_PROFILE = "";
			};
			name = Release;
		};
/* End XCBuildConfiguration section */

/* Begin XCConfigurationList section */
		4B8DF3FB1DA47C94006CC4E8 /* Build configuration list for PBXProject "iNternships" */ = {
			isa = XCConfigurationList;
			buildConfigurations = (
				4B8DF4101DA47C94006CC4E8 /* Debug */,
				4B8DF4111DA47C94006CC4E8 /* Release */,
			);
			defaultConfigurationIsVisible = 0;
			defaultConfigurationName = Release;
		};
		4B8DF4121DA47C94006CC4E8 /* Build configuration list for PBXNativeTarget "iNternships" */ = {
			isa = XCConfigurationList;
			buildConfigurations = (
				4B8DF4131DA47C94006CC4E8 /* Debug */,
				4B8DF4141DA47C94006CC4E8 /* Release */,
			);
			defaultConfigurationIsVisible = 0;
			defaultConfigurationName = Release;
		};
/* End XCConfigurationList section */
	};
	rootObject = 4B8DF3F81DA47C94006CC4E8 /* Project object */;
}
